
Microsoft Visual Studio Solution File, Format Version 12.00
# Visual Studio Version 17
VisualStudioVersion = 17.11.35327.3
MinimumVisualStudioVersion = 10.0.40219.1
Project("{9A19103F-16F7-4668-BE54-9A1E7A4F7556}") = "EmlakOtomasyonGui", "EmlakOtomasyonGui\EmlakOtomasyonGui.csproj", "{077C5470-0FEF-4ABD-A567-8D91D4424354}"
EndProject
Project("{9A19103F-16F7-4668-BE54-9A1E7A4F7556}") = "EmlakOtomasyonLibrary", "EmlakOtomasyonLibrary\EmlakOtomasyonLibrary.csproj", "{509AA284-38C0-4406-9BF9-EFA8EAD58FE1}"
EndProject
Project("{FAE04EC0-301F-11D3-BF4B-00C04F79EFBC}") = "TestConsole", "TestConsole\TestConsole.csproj", "{824AD570-F5A2-4FF5-8508-22D5FF3B55BB}"
EndProject
Global
	GlobalSection(SolutionConfigurationPlatforms) = preSolution
		Debug|Any CPU = Debug|Any CPU
		Release|Any CPU = Release|Any CPU
	EndGlobalSection
	GlobalSection(ProjectConfigurationPlatforms) = postSolution
		{077C5470-0FEF-4ABD-A567-8D91D4424354}.Debug|Any CPU.ActiveCfg = Debug|Any CPU
		{077C5470-0FEF-4ABD-A567-8D91D4424354}.Debug|Any CPU.Build.0 = Debug|Any CPU
		{077C5470-0FEF-4ABD-A567-8D91D4424354}.Release|Any CPU.ActiveCfg = Release|Any CPU
		{077C5470-0FEF-4ABD-A567-8D91D4424354}.Release|Any CPU.Build.0 = Release|Any CPU
		{509AA284-38C0-4406-9BF9-EFA8EAD58FE1}.Debug|Any CPU.ActiveCfg = Debug|Any CPU
		{509AA284-38C0-4406-9BF9-EFA8EAD58FE1}.Debug|Any CPU.Build.0 = Debug|Any CPU
		{509AA284-38C0-4406-9BF9-EFA8EAD58FE1}.Release|Any CPU.ActiveCfg = Release|Any CPU
		{509AA284-38C0-4406-9BF9-EFA8EAD58FE1}.Release|Any CPU.Build.0 = Release|Any CPU
		{824AD570-F5A2-4FF5-8508-22D5FF3B55BB}.Debug|Any CPU.ActiveCfg = Debug|Any CPU
		{824AD570-F5A2-4FF5-8508-22D5FF3B55BB}.Debug|Any CPU.Build.0 = Debug|Any CPU
		{824AD570-F5A2-4FF5-8508-22D5FF3B55BB}.Release|Any CPU.ActiveCfg = Release|Any CPU
		{824AD570-F5A2-4FF5-8508-22D5FF3B55BB}.Release|Any CPU.Build.0 = Release|Any CPU
	EndGlobalSection
	GlobalSection(SolutionProperties) = preSolution
		HideSolutionNode = FALSE
	EndGlobalSection
	GlobalSection(ExtensibilityGlobals) = postSolution
		SolutionGuid = {F87E1AF8-B508-4F09-A806-CFD39769073F}
	EndGlobalSection
EndGlobal
